
Microsoft Visual Studio Solution File, Format Version 12.00
# Visual Studio Version 16
VisualStudioVersion = 16.0.29215.179
MinimumVisualStudioVersion = 10.0.40219.1
Project("{FAE04EC0-301F-11D3-BF4B-00C04F79EFBC}") = "DependencyOrientationService.Android", "DependencyOrientationService.Android\DependencyOrientationService.Android.csproj", "{6DD1A383-783C-4F82-98A5-86B36DF23D17}"
EndProject
Project("{FAE04EC0-301F-11D3-BF4B-00C04F79EFBC}") = "DependencyOrientationService.iOS", "DependencyOrientationService.iOS\DependencyOrientationService.iOS.csproj", "{092C4FD6-6486-4B53-B72F-DC6DE0B8CC4A}"
EndProject
Project("{FAE04EC0-301F-11D3-BF4B-00C04F79EFBC}") = "DependencyOrientationService", "DependencyOrientationService\DependencyOrientationService.csproj", "{53A63730-F7BE-40B9-9ADA-57EAA9F846B2}"
EndProject
Global
	GlobalSection(SolutionConfigurationPlatforms) = preSolution
		Debug|Any CPU = Debug|Any CPU
		Debug|iPhone = Debug|iPhone
		Debug|iPhoneSimulator = Debug|iPhoneSimulator
		Release|Any CPU = Release|Any CPU
		Release|iPhone = Release|iPhone
		Release|iPhoneSimulator = Release|iPhoneSimulator
	EndGlobalSection
	GlobalSection(ProjectConfigurationPlatforms) = postSolution
		{6DD1A383-783C-4F82-98A5-86B36DF23D17}.Debug|Any CPU.ActiveCfg = Debug|Any CPU
		{6DD1A383-783C-4F82-98A5-86B36DF23D17}.Debug|Any CPU.Build.0 = Debug|Any CPU
		{6DD1A383-783C-4F82-98A5-86B36DF23D17}.Debug|Any CPU.Deploy.0 = Debug|Any CPU
		{6DD1A383-783C-4F82-98A5-86B36DF23D17}.Debug|iPhone.ActiveCfg = Debug|Any CPU
		{6DD1A383-783C-4F82-98A5-86B36DF23D17}.Debug|iPhone.Build.0 = Debug|Any CPU
		{6DD1A383-783C-4F82-98A5-86B36DF23D17}.Debug|iPhone.Deploy.0 = Debug|Any CPU
		{6DD1A383-783C-4F82-98A5-86B36DF23D17}.Debug|iPhoneSimulator.ActiveCfg = Debug|Any CPU
		{6DD1A383-783C-4F82-98A5-86B36DF23D17}.Debug|iPhoneSimulator.Build.0 = Debug|Any CPU
		{6DD1A383-783C-4F82-98A5-86B36DF23D17}.Debug|iPhoneSimulator.Deploy.0 = Debug|Any CPU
		{6DD1A383-783C-4F82-98A5-86B36DF23D17}.Release|Any CPU.ActiveCfg = Release|Any CPU
		{6DD1A383-783C-4F82-98A5-86B36DF23D17}.Release|Any CPU.Build.0 = Release|Any CPU
		{6DD1A383-783C-4F82-98A5-86B36DF23D17}.Release|Any CPU.Deploy.0 = Release|Any CPU
		{6DD1A383-783C-4F82-98A5-86B36DF23D17}.Release|iPhone.ActiveCfg = Release|Any CPU
		{6DD1A383-783C-4F82-98A5-86B36DF23D17}.Release|iPhone.Build.0 = Release|Any CPU
		{6DD1A383-783C-4F82-98A5-86B36DF23D17}.Release|iPhone.Deploy.0 = Release|Any CPU
		{6DD1A383-783C-4F82-98A5-86B36DF23D17}.Release|iPhoneSimulator.ActiveCfg = Release|Any CPU
		{6DD1A383-783C-4F82-98A5-86B36DF23D17}.Release|iPhoneSimulator.Build.0 = Release|Any CPU
		{6DD1A383-783C-4F82-98A5-86B36DF23D17}.Release|iPhoneSimulator.Deploy.0 = Release|Any CPU
		{092C4FD6-6486-4B53-B72F-DC6DE0B8CC4A}.Debug|Any CPU.ActiveCfg = Debug|iPhoneSimulator
		{092C4FD6-6486-4B53-B72F-DC6DE0B8CC4A}.Debug|Any CPU.Build.0 = Debug|iPhoneSimulator
		{092C4FD6-6486-4B53-B72F-DC6DE0B8CC4A}.Debug|Any CPU.Deploy.0 = Debug|iPhoneSimulator
		{092C4FD6-6486-4B53-B72F-DC6DE0B8CC4A}.Debug|iPhone.ActiveCfg = Debug|iPhone
		{092C4FD6-6486-4B53-B72F-DC6DE0B8CC4A}.Debug|iPhone.Build.0 = Debug|iPhone
		{092C4FD6-6486-4B53-B72F-DC6DE0B8CC4A}.Debug|iPhone.Deploy.0 = Debug|iPhone
		{092C4FD6-6486-4B53-B72F-DC6DE0B8CC4A}.Debug|iPhoneSimulator.ActiveCfg = Debug|iPhoneSimulator
		{092C4FD6-6486-4B53-B72F-DC6DE0B8CC4A}.Debug|iPhoneSimulator.Build.0 = Debug|iPhoneSimulator
		{092C4FD6-6486-4B53-B72F-DC6DE0B8CC4A}.Debug|iPhoneSimulator.Deploy.0 = Debug|iPhoneSimulator
		{092C4FD6-6486-4B53-B72F-DC6DE0B8CC4A}.Release|Any CPU.ActiveCfg = Release|iPhone
		{092C4FD6-6486-4B53-B72F-DC6DE0B8CC4A}.Release|Any CPU.Build.0 = Release|iPhone
		{092C4FD6-6486-4B53-B72F-DC6DE0B8CC4A}.Release|Any CPU.Deploy.0 = Release|iPhone
		{092C4FD6-6486-4B53-B72F-DC6DE0B8CC4A}.Release|iPhone.ActiveCfg = Release|iPhone
		{092C4FD6-6486-4B53-B72F-DC6DE0B8CC4A}.Release|iPhone.Build.0 = Release|iPhone
		{092C4FD6-6486-4B53-B72F-DC6DE0B8CC4A}.Release|iPhone.Deploy.0 = Release|iPhone
		{092C4FD6-6486-4B53-B72F-DC6DE0B8CC4A}.Release|iPhoneSimulator.ActiveCfg = Release|iPhoneSimulator
		{092C4FD6-6486-4B53-B72F-DC6DE0B8CC4A}.Release|iPhoneSimulator.Build.0 = Release|iPhoneSimulator
		{092C4FD6-6486-4B53-B72F-DC6DE0B8CC4A}.Release|iPhoneSimulator.Deploy.0 = Release|iPhoneSimulator
		{53A63730-F7BE-40B9-9ADA-57EAA9F846B2}.Debug|Any CPU.ActiveCfg = Debug|Any CPU
		{53A63730-F7BE-40B9-9ADA-57EAA9F846B2}.Debug|Any CPU.Build.0 = Debug|Any CPU
		{53A63730-F7BE-40B9-9ADA-57EAA9F846B2}.Debug|Any CPU.Deploy.0 = Debug|Any CPU
		{53A63730-F7BE-40B9-9ADA-57EAA9F846B2}.Debug|iPhone.ActiveCfg = Debug|Any CPU
		{53A63730-F7BE-40B9-9ADA-57EAA9F846B2}.Debug|iPhone.Build.0 = Debug|Any CPU
		{53A63730-F7BE-40B9-9ADA-57EAA9F846B2}.Debug|iPhone.Deploy.0 = Debug|Any CPU
		{53A63730-F7BE-40B9-9ADA-57EAA9F846B2}.Debug|iPhoneSimulator.ActiveCfg = Debug|Any CPU
		{53A63730-F7BE-40B9-9ADA-57EAA9F846B2}.Debug|iPhoneSimulator.Build.0 = Debug|Any CPU
		{53A63730-F7BE-40B9-9ADA-57EAA9F846B2}.Debug|iPhoneSimulator.Deploy.0 = Debug|Any CPU
		{53A63730-F7BE-40B9-9ADA-57EAA9F846B2}.Release|Any CPU.ActiveCfg = Release|Any CPU
		{53A63730-F7BE-40B9-9ADA-57EAA9F846B2}.Release|Any CPU.Build.0 = Release|Any CPU
		{53A63730-F7BE-40B9-9ADA-57EAA9F846B2}.Release|Any CPU.Deploy.0 = Release|Any CPU
		{53A63730-F7BE-40B9-9ADA-57EAA9F846B2}.Release|iPhone.ActiveCfg = Release|Any CPU
		{53A63730-F7BE-40B9-9ADA-57EAA9F846B2}.Release|iPhone.Build.0 = Release|Any CPU
		{53A63730-F7BE-40B9-9ADA-57EAA9F846B2}.Release|iPhone.Deploy.0 = Release|Any CPU
		{53A63730-F7BE-40B9-9ADA-57EAA9F846B2}.Release|iPhoneSimulator.ActiveCfg = Release|Any CPU
		{53A63730-F7BE-40B9-9ADA-57EAA9F846B2}.Release|iPhoneSimulator.Build.0 = Release|Any CPU
		{53A63730-F7BE-40B9-9ADA-57EAA9F846B2}.Release|iPhoneSimulator.Deploy.0 = Release|Any CPU
	EndGlobalSection
	GlobalSection(SolutionProperties) = preSolution
		HideSolutionNode = FALSE
	EndGlobalSection
	GlobalSection(ExtensibilityGlobals) = postSolution
		SolutionGuid = {E237D3A3-7F22-42D2-BFD4-966550EC010E}
	EndGlobalSection
EndGlobal
