
Microsoft Visual Studio Solution File, Format Version 12.00
# Visual Studio Version 16
VisualStudioVersion = 16.0.29215.179
MinimumVisualStudioVersion = 10.0.40219.1
Project("{FAE04EC0-301F-11D3-BF4B-00C04F79EFBC}") = "Effects.Android", "Effects.Android\Effects.Android.csproj", "{6F0FBC53-636C-4E03-8DC6-F0B62459347B}"
EndProject
Project("{FAE04EC0-301F-11D3-BF4B-00C04F79EFBC}") = "Effects.iOS", "Effects.iOS\Effects.iOS.csproj", "{0069FE19-725C-4843-B7AA-C7B9E3D42570}"
EndProject
Project("{FAE04EC0-301F-11D3-BF4B-00C04F79EFBC}") = "Effects", "Effects\Effects.csproj", "{B5C4F85F-48A0-48FE-8CAA-93A0FBABFE63}"
EndProject
Global
	GlobalSection(SolutionConfigurationPlatforms) = preSolution
		Debug|Any CPU = Debug|Any CPU
		Debug|iPhone = Debug|iPhone
		Debug|iPhoneSimulator = Debug|iPhoneSimulator
		Release|Any CPU = Release|Any CPU
		Release|iPhone = Release|iPhone
		Release|iPhoneSimulator = Release|iPhoneSimulator
	EndGlobalSection
	GlobalSection(ProjectConfigurationPlatforms) = postSolution
		{6F0FBC53-636C-4E03-8DC6-F0B62459347B}.Debug|Any CPU.ActiveCfg = Debug|Any CPU
		{6F0FBC53-636C-4E03-8DC6-F0B62459347B}.Debug|Any CPU.Build.0 = Debug|Any CPU
		{6F0FBC53-636C-4E03-8DC6-F0B62459347B}.Debug|Any CPU.Deploy.0 = Debug|Any CPU
		{6F0FBC53-636C-4E03-8DC6-F0B62459347B}.Debug|iPhone.ActiveCfg = Debug|Any CPU
		{6F0FBC53-636C-4E03-8DC6-F0B62459347B}.Debug|iPhone.Build.0 = Debug|Any CPU
		{6F0FBC53-636C-4E03-8DC6-F0B62459347B}.Debug|iPhone.Deploy.0 = Debug|Any CPU
		{6F0FBC53-636C-4E03-8DC6-F0B62459347B}.Debug|iPhoneSimulator.ActiveCfg = Debug|Any CPU
		{6F0FBC53-636C-4E03-8DC6-F0B62459347B}.Debug|iPhoneSimulator.Build.0 = Debug|Any CPU
		{6F0FBC53-636C-4E03-8DC6-F0B62459347B}.Debug|iPhoneSimulator.Deploy.0 = Debug|Any CPU
		{6F0FBC53-636C-4E03-8DC6-F0B62459347B}.Release|Any CPU.ActiveCfg = Release|Any CPU
		{6F0FBC53-636C-4E03-8DC6-F0B62459347B}.Release|Any CPU.Build.0 = Release|Any CPU
		{6F0FBC53-636C-4E03-8DC6-F0B62459347B}.Release|Any CPU.Deploy.0 = Release|Any CPU
		{6F0FBC53-636C-4E03-8DC6-F0B62459347B}.Release|iPhone.ActiveCfg = Release|Any CPU
		{6F0FBC53-636C-4E03-8DC6-F0B62459347B}.Release|iPhone.Build.0 = Release|Any CPU
		{6F0FBC53-636C-4E03-8DC6-F0B62459347B}.Release|iPhone.Deploy.0 = Release|Any CPU
		{6F0FBC53-636C-4E03-8DC6-F0B62459347B}.Release|iPhoneSimulator.ActiveCfg = Release|Any CPU
		{6F0FBC53-636C-4E03-8DC6-F0B62459347B}.Release|iPhoneSimulator.Build.0 = Release|Any CPU
		{6F0FBC53-636C-4E03-8DC6-F0B62459347B}.Release|iPhoneSimulator.Deploy.0 = Release|Any CPU
		{0069FE19-725C-4843-B7AA-C7B9E3D42570}.Debug|Any CPU.ActiveCfg = Debug|iPhoneSimulator
		{0069FE19-725C-4843-B7AA-C7B9E3D42570}.Debug|Any CPU.Build.0 = Debug|iPhoneSimulator
		{0069FE19-725C-4843-B7AA-C7B9E3D42570}.Debug|Any CPU.Deploy.0 = Debug|iPhoneSimulator
		{0069FE19-725C-4843-B7AA-C7B9E3D42570}.Debug|iPhone.ActiveCfg = Debug|iPhone
		{0069FE19-725C-4843-B7AA-C7B9E3D42570}.Debug|iPhone.Build.0 = Debug|iPhone
		{0069FE19-725C-4843-B7AA-C7B9E3D42570}.Debug|iPhone.Deploy.0 = Debug|iPhone
		{0069FE19-725C-4843-B7AA-C7B9E3D42570}.Debug|iPhoneSimulator.ActiveCfg = Debug|iPhoneSimulator
		{0069FE19-725C-4843-B7AA-C7B9E3D42570}.Debug|iPhoneSimulator.Build.0 = Debug|iPhoneSimulator
		{0069FE19-725C-4843-B7AA-C7B9E3D42570}.Debug|iPhoneSimulator.Deploy.0 = Debug|iPhoneSimulator
		{0069FE19-725C-4843-B7AA-C7B9E3D42570}.Release|Any CPU.ActiveCfg = Release|iPhone
		{0069FE19-725C-4843-B7AA-C7B9E3D42570}.Release|Any CPU.Build.0 = Release|iPhone
		{0069FE19-725C-4843-B7AA-C7B9E3D42570}.Release|Any CPU.Deploy.0 = Release|iPhone
		{0069FE19-725C-4843-B7AA-C7B9E3D42570}.Release|iPhone.ActiveCfg = Release|iPhone
		{0069FE19-725C-4843-B7AA-C7B9E3D42570}.Release|iPhone.Build.0 = Release|iPhone
		{0069FE19-725C-4843-B7AA-C7B9E3D42570}.Release|iPhone.Deploy.0 = Release|iPhone
		{0069FE19-725C-4843-B7AA-C7B9E3D42570}.Release|iPhoneSimulator.ActiveCfg = Release|iPhoneSimulator
		{0069FE19-725C-4843-B7AA-C7B9E3D42570}.Release|iPhoneSimulator.Build.0 = Release|iPhoneSimulator
		{0069FE19-725C-4843-B7AA-C7B9E3D42570}.Release|iPhoneSimulator.Deploy.0 = Release|iPhoneSimulator
		{B5C4F85F-48A0-48FE-8CAA-93A0FBABFE63}.Debug|Any CPU.ActiveCfg = Debug|Any CPU
		{B5C4F85F-48A0-48FE-8CAA-93A0FBABFE63}.Debug|Any CPU.Build.0 = Debug|Any CPU
		{B5C4F85F-48A0-48FE-8CAA-93A0FBABFE63}.Debug|Any CPU.Deploy.0 = Debug|Any CPU
		{B5C4F85F-48A0-48FE-8CAA-93A0FBABFE63}.Debug|iPhone.ActiveCfg = Debug|Any CPU
		{B5C4F85F-48A0-48FE-8CAA-93A0FBABFE63}.Debug|iPhone.Build.0 = Debug|Any CPU
		{B5C4F85F-48A0-48FE-8CAA-93A0FBABFE63}.Debug|iPhone.Deploy.0 = Debug|Any CPU
		{B5C4F85F-48A0-48FE-8CAA-93A0FBABFE63}.Debug|iPhoneSimulator.ActiveCfg = Debug|Any CPU
		{B5C4F85F-48A0-48FE-8CAA-93A0FBABFE63}.Debug|iPhoneSimulator.Build.0 = Debug|Any CPU
		{B5C4F85F-48A0-48FE-8CAA-93A0FBABFE63}.Debug|iPhoneSimulator.Deploy.0 = Debug|Any CPU
		{B5C4F85F-48A0-48FE-8CAA-93A0FBABFE63}.Release|Any CPU.ActiveCfg = Release|Any CPU
		{B5C4F85F-48A0-48FE-8CAA-93A0FBABFE63}.Release|Any CPU.Build.0 = Release|Any CPU
		{B5C4F85F-48A0-48FE-8CAA-93A0FBABFE63}.Release|Any CPU.Deploy.0 = Release|Any CPU
		{B5C4F85F-48A0-48FE-8CAA-93A0FBABFE63}.Release|iPhone.ActiveCfg = Release|Any CPU
		{B5C4F85F-48A0-48FE-8CAA-93A0FBABFE63}.Release|iPhone.Build.0 = Release|Any CPU
		{B5C4F85F-48A0-48FE-8CAA-93A0FBABFE63}.Release|iPhone.Deploy.0 = Release|Any CPU
		{B5C4F85F-48A0-48FE-8CAA-93A0FBABFE63}.Release|iPhoneSimulator.ActiveCfg = Release|Any CPU
		{B5C4F85F-48A0-48FE-8CAA-93A0FBABFE63}.Release|iPhoneSimulator.Build.0 = Release|Any CPU
		{B5C4F85F-48A0-48FE-8CAA-93A0FBABFE63}.Release|iPhoneSimulator.Deploy.0 = Release|Any CPU
	EndGlobalSection
	GlobalSection(SolutionProperties) = preSolution
		HideSolutionNode = FALSE
	EndGlobalSection
	GlobalSection(ExtensibilityGlobals) = postSolution
		SolutionGuid = {E21F006D-24A4-4170-86B8-A3D3455BA000}
	EndGlobalSection
EndGlobal
