
Microsoft Visual Studio Solution File, Format Version 12.00
# Visual Studio Version 16
VisualStudioVersion = 16.0.29123.88
MinimumVisualStudioVersion = 10.0.40219.1
Project("{FAE04EC0-301F-11D3-BF4B-00C04F79EFBC}") = "DesignReplica.Android", "DesignReplica.Android\DesignReplica.Android.csproj", "{564FE0D3-4EEC-4310-8224-0E428F279DE3}"
EndProject
Project("{FAE04EC0-301F-11D3-BF4B-00C04F79EFBC}") = "DesignReplica.iOS", "DesignReplica.iOS\DesignReplica.iOS.csproj", "{9D10E8C6-0A26-4B52-86CB-C8347847B819}"
EndProject
Project("{FAE04EC0-301F-11D3-BF4B-00C04F79EFBC}") = "DesignReplica", "DesignReplica\DesignReplica.csproj", "{F2A1CF38-B030-46BB-BAFE-9CD2C06A0E1D}"
EndProject
Global
	GlobalSection(SolutionConfigurationPlatforms) = preSolution
		Debug|Any CPU = Debug|Any CPU
		Debug|iPhone = Debug|iPhone
		Debug|iPhoneSimulator = Debug|iPhoneSimulator
		Release|Any CPU = Release|Any CPU
		Release|iPhone = Release|iPhone
		Release|iPhoneSimulator = Release|iPhoneSimulator
	EndGlobalSection
	GlobalSection(ProjectConfigurationPlatforms) = postSolution
		{564FE0D3-4EEC-4310-8224-0E428F279DE3}.Debug|Any CPU.ActiveCfg = Debug|Any CPU
		{564FE0D3-4EEC-4310-8224-0E428F279DE3}.Debug|Any CPU.Build.0 = Debug|Any CPU
		{564FE0D3-4EEC-4310-8224-0E428F279DE3}.Debug|Any CPU.Deploy.0 = Debug|Any CPU
		{564FE0D3-4EEC-4310-8224-0E428F279DE3}.Debug|iPhone.ActiveCfg = Debug|Any CPU
		{564FE0D3-4EEC-4310-8224-0E428F279DE3}.Debug|iPhone.Build.0 = Debug|Any CPU
		{564FE0D3-4EEC-4310-8224-0E428F279DE3}.Debug|iPhone.Deploy.0 = Debug|Any CPU
		{564FE0D3-4EEC-4310-8224-0E428F279DE3}.Debug|iPhoneSimulator.ActiveCfg = Debug|Any CPU
		{564FE0D3-4EEC-4310-8224-0E428F279DE3}.Debug|iPhoneSimulator.Build.0 = Debug|Any CPU
		{564FE0D3-4EEC-4310-8224-0E428F279DE3}.Debug|iPhoneSimulator.Deploy.0 = Debug|Any CPU
		{564FE0D3-4EEC-4310-8224-0E428F279DE3}.Release|Any CPU.ActiveCfg = Release|Any CPU
		{564FE0D3-4EEC-4310-8224-0E428F279DE3}.Release|Any CPU.Build.0 = Release|Any CPU
		{564FE0D3-4EEC-4310-8224-0E428F279DE3}.Release|Any CPU.Deploy.0 = Release|Any CPU
		{564FE0D3-4EEC-4310-8224-0E428F279DE3}.Release|iPhone.ActiveCfg = Release|Any CPU
		{564FE0D3-4EEC-4310-8224-0E428F279DE3}.Release|iPhone.Build.0 = Release|Any CPU
		{564FE0D3-4EEC-4310-8224-0E428F279DE3}.Release|iPhone.Deploy.0 = Release|Any CPU
		{564FE0D3-4EEC-4310-8224-0E428F279DE3}.Release|iPhoneSimulator.ActiveCfg = Release|Any CPU
		{564FE0D3-4EEC-4310-8224-0E428F279DE3}.Release|iPhoneSimulator.Build.0 = Release|Any CPU
		{564FE0D3-4EEC-4310-8224-0E428F279DE3}.Release|iPhoneSimulator.Deploy.0 = Release|Any CPU
		{9D10E8C6-0A26-4B52-86CB-C8347847B819}.Debug|Any CPU.ActiveCfg = Debug|iPhoneSimulator
		{9D10E8C6-0A26-4B52-86CB-C8347847B819}.Debug|Any CPU.Build.0 = Debug|iPhoneSimulator
		{9D10E8C6-0A26-4B52-86CB-C8347847B819}.Debug|Any CPU.Deploy.0 = Debug|iPhoneSimulator
		{9D10E8C6-0A26-4B52-86CB-C8347847B819}.Debug|iPhone.ActiveCfg = Debug|iPhone
		{9D10E8C6-0A26-4B52-86CB-C8347847B819}.Debug|iPhone.Build.0 = Debug|iPhone
		{9D10E8C6-0A26-4B52-86CB-C8347847B819}.Debug|iPhone.Deploy.0 = Debug|iPhone
		{9D10E8C6-0A26-4B52-86CB-C8347847B819}.Debug|iPhoneSimulator.ActiveCfg = Debug|iPhoneSimulator
		{9D10E8C6-0A26-4B52-86CB-C8347847B819}.Debug|iPhoneSimulator.Build.0 = Debug|iPhoneSimulator
		{9D10E8C6-0A26-4B52-86CB-C8347847B819}.Debug|iPhoneSimulator.Deploy.0 = Debug|iPhoneSimulator
		{9D10E8C6-0A26-4B52-86CB-C8347847B819}.Release|Any CPU.ActiveCfg = Release|iPhone
		{9D10E8C6-0A26-4B52-86CB-C8347847B819}.Release|Any CPU.Build.0 = Release|iPhone
		{9D10E8C6-0A26-4B52-86CB-C8347847B819}.Release|Any CPU.Deploy.0 = Release|iPhone
		{9D10E8C6-0A26-4B52-86CB-C8347847B819}.Release|iPhone.ActiveCfg = Release|iPhone
		{9D10E8C6-0A26-4B52-86CB-C8347847B819}.Release|iPhone.Build.0 = Release|iPhone
		{9D10E8C6-0A26-4B52-86CB-C8347847B819}.Release|iPhone.Deploy.0 = Release|iPhone
		{9D10E8C6-0A26-4B52-86CB-C8347847B819}.Release|iPhoneSimulator.ActiveCfg = Release|iPhoneSimulator
		{9D10E8C6-0A26-4B52-86CB-C8347847B819}.Release|iPhoneSimulator.Build.0 = Release|iPhoneSimulator
		{9D10E8C6-0A26-4B52-86CB-C8347847B819}.Release|iPhoneSimulator.Deploy.0 = Release|iPhoneSimulator
		{F2A1CF38-B030-46BB-BAFE-9CD2C06A0E1D}.Debug|Any CPU.ActiveCfg = Debug|Any CPU
		{F2A1CF38-B030-46BB-BAFE-9CD2C06A0E1D}.Debug|Any CPU.Build.0 = Debug|Any CPU
		{F2A1CF38-B030-46BB-BAFE-9CD2C06A0E1D}.Debug|Any CPU.Deploy.0 = Debug|Any CPU
		{F2A1CF38-B030-46BB-BAFE-9CD2C06A0E1D}.Debug|iPhone.ActiveCfg = Debug|Any CPU
		{F2A1CF38-B030-46BB-BAFE-9CD2C06A0E1D}.Debug|iPhone.Build.0 = Debug|Any CPU
		{F2A1CF38-B030-46BB-BAFE-9CD2C06A0E1D}.Debug|iPhone.Deploy.0 = Debug|Any CPU
		{F2A1CF38-B030-46BB-BAFE-9CD2C06A0E1D}.Debug|iPhoneSimulator.ActiveCfg = Debug|Any CPU
		{F2A1CF38-B030-46BB-BAFE-9CD2C06A0E1D}.Debug|iPhoneSimulator.Build.0 = Debug|Any CPU
		{F2A1CF38-B030-46BB-BAFE-9CD2C06A0E1D}.Debug|iPhoneSimulator.Deploy.0 = Debug|Any CPU
		{F2A1CF38-B030-46BB-BAFE-9CD2C06A0E1D}.Release|Any CPU.ActiveCfg = Release|Any CPU
		{F2A1CF38-B030-46BB-BAFE-9CD2C06A0E1D}.Release|Any CPU.Build.0 = Release|Any CPU
		{F2A1CF38-B030-46BB-BAFE-9CD2C06A0E1D}.Release|Any CPU.Deploy.0 = Release|Any CPU
		{F2A1CF38-B030-46BB-BAFE-9CD2C06A0E1D}.Release|iPhone.ActiveCfg = Release|Any CPU
		{F2A1CF38-B030-46BB-BAFE-9CD2C06A0E1D}.Release|iPhone.Build.0 = Release|Any CPU
		{F2A1CF38-B030-46BB-BAFE-9CD2C06A0E1D}.Release|iPhone.Deploy.0 = Release|Any CPU
		{F2A1CF38-B030-46BB-BAFE-9CD2C06A0E1D}.Release|iPhoneSimulator.ActiveCfg = Release|Any CPU
		{F2A1CF38-B030-46BB-BAFE-9CD2C06A0E1D}.Release|iPhoneSimulator.Build.0 = Release|Any CPU
		{F2A1CF38-B030-46BB-BAFE-9CD2C06A0E1D}.Release|iPhoneSimulator.Deploy.0 = Release|Any CPU
	EndGlobalSection
	GlobalSection(SolutionProperties) = preSolution
		HideSolutionNode = FALSE
	EndGlobalSection
	GlobalSection(ExtensibilityGlobals) = postSolution
		SolutionGuid = {CA8B87A5-D92F-48F9-9496-0A90A513092B}
	EndGlobalSection
EndGlobal
