
Microsoft Visual Studio Solution File, Format Version 12.00
# Visual Studio Version 16
VisualStudioVersion = 16.0.29215.179
MinimumVisualStudioVersion = 10.0.40219.1
Project("{FAE04EC0-301F-11D3-BF4B-00C04F79EFBC}") = "PaintClone.Android", "PaintClone.Android\PaintClone.Android.csproj", "{113F43BC-E47F-4C6F-8DC8-91954447229B}"
EndProject
Project("{FAE04EC0-301F-11D3-BF4B-00C04F79EFBC}") = "PaintClone.iOS", "PaintClone.iOS\PaintClone.iOS.csproj", "{2ED1AF96-BBC0-49D1-89A9-C33A2719D004}"
EndProject
Project("{FAE04EC0-301F-11D3-BF4B-00C04F79EFBC}") = "PaintClone", "PaintClone\PaintClone.csproj", "{50438FC4-7665-4022-A841-FD892DECDFC8}"
EndProject
Global
	GlobalSection(SolutionConfigurationPlatforms) = preSolution
		Debug|Any CPU = Debug|Any CPU
		Debug|iPhone = Debug|iPhone
		Debug|iPhoneSimulator = Debug|iPhoneSimulator
		Release|Any CPU = Release|Any CPU
		Release|iPhone = Release|iPhone
		Release|iPhoneSimulator = Release|iPhoneSimulator
	EndGlobalSection
	GlobalSection(ProjectConfigurationPlatforms) = postSolution
		{113F43BC-E47F-4C6F-8DC8-91954447229B}.Debug|Any CPU.ActiveCfg = Debug|Any CPU
		{113F43BC-E47F-4C6F-8DC8-91954447229B}.Debug|Any CPU.Build.0 = Debug|Any CPU
		{113F43BC-E47F-4C6F-8DC8-91954447229B}.Debug|Any CPU.Deploy.0 = Debug|Any CPU
		{113F43BC-E47F-4C6F-8DC8-91954447229B}.Debug|iPhone.ActiveCfg = Debug|Any CPU
		{113F43BC-E47F-4C6F-8DC8-91954447229B}.Debug|iPhone.Build.0 = Debug|Any CPU
		{113F43BC-E47F-4C6F-8DC8-91954447229B}.Debug|iPhone.Deploy.0 = Debug|Any CPU
		{113F43BC-E47F-4C6F-8DC8-91954447229B}.Debug|iPhoneSimulator.ActiveCfg = Debug|Any CPU
		{113F43BC-E47F-4C6F-8DC8-91954447229B}.Debug|iPhoneSimulator.Build.0 = Debug|Any CPU
		{113F43BC-E47F-4C6F-8DC8-91954447229B}.Debug|iPhoneSimulator.Deploy.0 = Debug|Any CPU
		{113F43BC-E47F-4C6F-8DC8-91954447229B}.Release|Any CPU.ActiveCfg = Release|Any CPU
		{113F43BC-E47F-4C6F-8DC8-91954447229B}.Release|Any CPU.Build.0 = Release|Any CPU
		{113F43BC-E47F-4C6F-8DC8-91954447229B}.Release|Any CPU.Deploy.0 = Release|Any CPU
		{113F43BC-E47F-4C6F-8DC8-91954447229B}.Release|iPhone.ActiveCfg = Release|Any CPU
		{113F43BC-E47F-4C6F-8DC8-91954447229B}.Release|iPhone.Build.0 = Release|Any CPU
		{113F43BC-E47F-4C6F-8DC8-91954447229B}.Release|iPhone.Deploy.0 = Release|Any CPU
		{113F43BC-E47F-4C6F-8DC8-91954447229B}.Release|iPhoneSimulator.ActiveCfg = Release|Any CPU
		{113F43BC-E47F-4C6F-8DC8-91954447229B}.Release|iPhoneSimulator.Build.0 = Release|Any CPU
		{113F43BC-E47F-4C6F-8DC8-91954447229B}.Release|iPhoneSimulator.Deploy.0 = Release|Any CPU
		{2ED1AF96-BBC0-49D1-89A9-C33A2719D004}.Debug|Any CPU.ActiveCfg = Debug|iPhoneSimulator
		{2ED1AF96-BBC0-49D1-89A9-C33A2719D004}.Debug|Any CPU.Build.0 = Debug|iPhoneSimulator
		{2ED1AF96-BBC0-49D1-89A9-C33A2719D004}.Debug|Any CPU.Deploy.0 = Debug|iPhoneSimulator
		{2ED1AF96-BBC0-49D1-89A9-C33A2719D004}.Debug|iPhone.ActiveCfg = Debug|iPhone
		{2ED1AF96-BBC0-49D1-89A9-C33A2719D004}.Debug|iPhone.Build.0 = Debug|iPhone
		{2ED1AF96-BBC0-49D1-89A9-C33A2719D004}.Debug|iPhone.Deploy.0 = Debug|iPhone
		{2ED1AF96-BBC0-49D1-89A9-C33A2719D004}.Debug|iPhoneSimulator.ActiveCfg = Debug|iPhoneSimulator
		{2ED1AF96-BBC0-49D1-89A9-C33A2719D004}.Debug|iPhoneSimulator.Build.0 = Debug|iPhoneSimulator
		{2ED1AF96-BBC0-49D1-89A9-C33A2719D004}.Debug|iPhoneSimulator.Deploy.0 = Debug|iPhoneSimulator
		{2ED1AF96-BBC0-49D1-89A9-C33A2719D004}.Release|Any CPU.ActiveCfg = Release|iPhone
		{2ED1AF96-BBC0-49D1-89A9-C33A2719D004}.Release|Any CPU.Build.0 = Release|iPhone
		{2ED1AF96-BBC0-49D1-89A9-C33A2719D004}.Release|Any CPU.Deploy.0 = Release|iPhone
		{2ED1AF96-BBC0-49D1-89A9-C33A2719D004}.Release|iPhone.ActiveCfg = Release|iPhone
		{2ED1AF96-BBC0-49D1-89A9-C33A2719D004}.Release|iPhone.Build.0 = Release|iPhone
		{2ED1AF96-BBC0-49D1-89A9-C33A2719D004}.Release|iPhone.Deploy.0 = Release|iPhone
		{2ED1AF96-BBC0-49D1-89A9-C33A2719D004}.Release|iPhoneSimulator.ActiveCfg = Release|iPhoneSimulator
		{2ED1AF96-BBC0-49D1-89A9-C33A2719D004}.Release|iPhoneSimulator.Build.0 = Release|iPhoneSimulator
		{2ED1AF96-BBC0-49D1-89A9-C33A2719D004}.Release|iPhoneSimulator.Deploy.0 = Release|iPhoneSimulator
		{50438FC4-7665-4022-A841-FD892DECDFC8}.Debug|Any CPU.ActiveCfg = Debug|Any CPU
		{50438FC4-7665-4022-A841-FD892DECDFC8}.Debug|Any CPU.Build.0 = Debug|Any CPU
		{50438FC4-7665-4022-A841-FD892DECDFC8}.Debug|Any CPU.Deploy.0 = Debug|Any CPU
		{50438FC4-7665-4022-A841-FD892DECDFC8}.Debug|iPhone.ActiveCfg = Debug|Any CPU
		{50438FC4-7665-4022-A841-FD892DECDFC8}.Debug|iPhone.Build.0 = Debug|Any CPU
		{50438FC4-7665-4022-A841-FD892DECDFC8}.Debug|iPhone.Deploy.0 = Debug|Any CPU
		{50438FC4-7665-4022-A841-FD892DECDFC8}.Debug|iPhoneSimulator.ActiveCfg = Debug|Any CPU
		{50438FC4-7665-4022-A841-FD892DECDFC8}.Debug|iPhoneSimulator.Build.0 = Debug|Any CPU
		{50438FC4-7665-4022-A841-FD892DECDFC8}.Debug|iPhoneSimulator.Deploy.0 = Debug|Any CPU
		{50438FC4-7665-4022-A841-FD892DECDFC8}.Release|Any CPU.ActiveCfg = Release|Any CPU
		{50438FC4-7665-4022-A841-FD892DECDFC8}.Release|Any CPU.Build.0 = Release|Any CPU
		{50438FC4-7665-4022-A841-FD892DECDFC8}.Release|Any CPU.Deploy.0 = Release|Any CPU
		{50438FC4-7665-4022-A841-FD892DECDFC8}.Release|iPhone.ActiveCfg = Release|Any CPU
		{50438FC4-7665-4022-A841-FD892DECDFC8}.Release|iPhone.Build.0 = Release|Any CPU
		{50438FC4-7665-4022-A841-FD892DECDFC8}.Release|iPhone.Deploy.0 = Release|Any CPU
		{50438FC4-7665-4022-A841-FD892DECDFC8}.Release|iPhoneSimulator.ActiveCfg = Release|Any CPU
		{50438FC4-7665-4022-A841-FD892DECDFC8}.Release|iPhoneSimulator.Build.0 = Release|Any CPU
		{50438FC4-7665-4022-A841-FD892DECDFC8}.Release|iPhoneSimulator.Deploy.0 = Release|Any CPU
	EndGlobalSection
	GlobalSection(SolutionProperties) = preSolution
		HideSolutionNode = FALSE
	EndGlobalSection
	GlobalSection(ExtensibilityGlobals) = postSolution
		SolutionGuid = {A3817E50-3EA7-4154-9B78-832C38F5023A}
	EndGlobalSection
EndGlobal
